{
  "name": "miniprogram",
  "version": "1.0.0",
  "lockfileVersion": 1,
  "requires": true,
  "dependencies": {
    "@babel/runtime": {
      "version": "7.9.6",
      "resolved": "https://registry.npm.taobao.org/@babel/runtime/download/@babel/runtime-7.9.6.tgz?cache=0&sync_timestamp=1588186181001&other_urls=https%3A%2F%2Fregistry.npm.taobao.org%2F%40babel%2Fruntime%2Fdownload%2F%40babel%2Fruntime-7.9.6.tgz",
      "integrity": "sha1-qRAutcre3z8x0IqezylK94J+op8=",
      "requires": {
        "regenerator-runtime": "^0.13.4"
      }
    },
    "@vant/weapp": {
      "version": "1.2.2",
      "resolved": "https://registry.npm.taobao.org/@vant/weapp/download/@vant/weapp-1.2.2.tgz",
      "integrity": "sha1-ISz17rOBKnSG8sy7juOK876MRbk="
    },
    "fecha": {
      "version": "2.3.3",
      "resolved": "https://registry.npm.taobao.org/fecha/download/fecha-2.3.3.tgz?cache=0&sync_timestamp=1583207371818&other_urls=https%3A%2F%2Fregistry.npm.taobao.org%2Ffecha%2Fdownload%2Ffecha-2.3.3.tgz",
      "integrity": "sha1-lI50FX3xoy/RsSw6PDzctuydls0="
    },
    "hammerjs": {
      "version": "2.0.8",
      "resolved": "https://registry.npm.taobao.org/hammerjs/download/hammerjs-2.0.8.tgz",
      "integrity": "sha1-BO93hiz/K7edMPdpIJWTAiK/YPE="
    },
    "regenerator-runtime": {
      "version": "0.13.5",
      "resolved": "https://registry.npm.taobao.org/regenerator-runtime/download/regenerator-runtime-0.13.5.tgz?cache=0&sync_timestamp=1584052597708&other_urls=https%3A%2F%2Fregistry.npm.taobao.org%2Fregenerator-runtime%2Fdownload%2Fregenerator-runtime-0.13.5.tgz",
      "integrity": "sha1-2Hih0JS0MG0QuQlkhLM+vVXiZpc="
    },
    "tslib": {
      "version": "1.11.1",
      "resolved": "https://registry.npm.taobao.org/tslib/download/tslib-1.11.1.tgz",
      "integrity": "sha1-6xXRKIJ/vuKEFUnhcfRe0zisfjU="
    }
  }
}
